
Microsoft Visual Studio Solution File, Format Version 12.00
# Visual Studio Version 17
VisualStudioVersion = 17.5.33424.131
MinimumVisualStudioVersion = 10.0.40219.1
Project("{9A19103F-16F7-4668-BE54-9A1E7A4F7556}") = "Plc", "Plc\Plc.csproj", "{CE41CAB0-E2BF-4AAF-88BD-02E37440FE3D}"
EndProject
Project("{9A19103F-16F7-4668-BE54-9A1E7A4F7556}") = "Plc.AgLink", "Plc.AgLink\Plc.AgLink.csproj", "{C9DE475C-A83C-466C-9FC2-50661201E7F8}"
EndProject
Project("{9A19103F-16F7-4668-BE54-9A1E7A4F7556}") = "Plc.Mock", "Plc.Mock\Plc.Mock.csproj", "{2F02912A-AD6C-4535-B27D-EC347F7623D0}"
EndProject
Project("{9A19103F-16F7-4668-BE54-9A1E7A4F7556}") = "Plc.Monitor", "Plc.Monitor\Plc.Monitor.csproj", "{50F5DFC7-E51E-4F4E-98CC-1EE153AD731D}"
EndProject
Project("{9A19103F-16F7-4668-BE54-9A1E7A4F7556}") = "Plc.Monitor.Polling", "Plc.Monitor.Polling\Plc.Monitor.Polling.csproj", "{421D6452-656B-4E8D-853D-2444DB24CCA2}"
EndProject
Project("{9A19103F-16F7-4668-BE54-9A1E7A4F7556}") = "Plc.Monitor.Polling.Test", "Plc.Monitor.Polling.Test\Plc.Monitor.Polling.Test.csproj", "{1C3D13F7-A1D8-4C3B-BD5C-776EC00B2D71}"
EndProject
Project("{9A19103F-16F7-4668-BE54-9A1E7A4F7556}") = "Plc.Test", "Plc.Test\Plc.Test.csproj", "{7C2A72B6-060D-4EFC-B282-1A7F61EBB835}"
EndProject
Project("{2150E333-8FDC-42A3-9474-1A3956D46DE8}") = "Tests", "Tests", "{C01573D0-8B5E-4002-BB7B-073EEE9DAD7A}"
EndProject
Project("{2150E333-8FDC-42A3-9474-1A3956D46DE8}") = "Monitor", "Monitor", "{CB3855F0-1EB7-4F87-8FE0-39BE528D748B}"
EndProject
Project("{2150E333-8FDC-42A3-9474-1A3956D46DE8}") = "Access", "Access", "{177D7EF2-DEA8-4C08-9A7E-66A8DB4BC5B7}"
EndProject
Project("{2150E333-8FDC-42A3-9474-1A3956D46DE8}") = "Implementation", "Implementation", "{BC05698E-8DCC-4A1F-962D-E37934CA8198}"
EndProject
Project("{2150E333-8FDC-42A3-9474-1A3956D46DE8}") = "Implementation", "Implementation", "{FF46340D-8282-42FC-9311-E8CF66952BD4}"
EndProject
Project("{9A19103F-16F7-4668-BE54-9A1E7A4F7556}") = "Plc.Mock.Test", "Plc.Mock.Test\Plc.Mock.Test.csproj", "{D4372DA6-C425-444D-BCAD-5AEAF392D963}"
EndProject
Project("{2150E333-8FDC-42A3-9474-1A3956D46DE8}") = "Access Implementation", "Access Implementation", "{73DC497B-1D8B-47BE-AC6F-88F386D59E50}"
EndProject
Project("{9A19103F-16F7-4668-BE54-9A1E7A4F7556}") = "Plc.Implementation.Test", "Plc.Implementation.Test\Plc.Implementation.Test.csproj", "{46FBD838-F7B8-46B1-BCB8-A80A69DB56FE}"
EndProject
Project("{9A19103F-16F7-4668-BE54-9A1E7A4F7556}") = "Plc.AgLink.Demo.Test", "Plc.AgLink.Demo.Test\Plc.AgLink.Demo.Test.csproj", "{25D3CA67-A845-406F-A3C9-3E21D238D137}"
EndProject
Project("{2150E333-8FDC-42A3-9474-1A3956D46DE8}") = "Monitor Implementation", "Monitor Implementation", "{4B111EAC-C9CC-4370-B487-F4286F1C22D1}"
EndProject
Project("{9A19103F-16F7-4668-BE54-9A1E7A4F7556}") = "Plc.AgLink.Demo", "Plc.AgLink.Demo\Plc.AgLink.Demo.csproj", "{541C724F-DBD5-4159-AEEA-62DB002B86D0}"
EndProject
Project("{9A19103F-16F7-4668-BE54-9A1E7A4F7556}") = "Plc.AgLink.Test", "Plc.AgLink.Test\Plc.AgLink.Test.csproj", "{DDBD9681-F265-42D1-A4D1-F9DA0E340A52}"
EndProject
Global
	GlobalSection(SolutionConfigurationPlatforms) = preSolution
		Debug|Any CPU = Debug|Any CPU
		Release|Any CPU = Release|Any CPU
	EndGlobalSection
	GlobalSection(ProjectConfigurationPlatforms) = postSolution
		{CE41CAB0-E2BF-4AAF-88BD-02E37440FE3D}.Debug|Any CPU.ActiveCfg = Debug|Any CPU
		{CE41CAB0-E2BF-4AAF-88BD-02E37440FE3D}.Debug|Any CPU.Build.0 = Debug|Any CPU
		{CE41CAB0-E2BF-4AAF-88BD-02E37440FE3D}.Release|Any CPU.ActiveCfg = Release|Any CPU
		{CE41CAB0-E2BF-4AAF-88BD-02E37440FE3D}.Release|Any CPU.Build.0 = Release|Any CPU
		{C9DE475C-A83C-466C-9FC2-50661201E7F8}.Debug|Any CPU.ActiveCfg = Debug|Any CPU
		{C9DE475C-A83C-466C-9FC2-50661201E7F8}.Debug|Any CPU.Build.0 = Debug|Any CPU
		{C9DE475C-A83C-466C-9FC2-50661201E7F8}.Release|Any CPU.ActiveCfg = Release|Any CPU
		{C9DE475C-A83C-466C-9FC2-50661201E7F8}.Release|Any CPU.Build.0 = Release|Any CPU
		{2F02912A-AD6C-4535-B27D-EC347F7623D0}.Debug|Any CPU.ActiveCfg = Debug|Any CPU
		{2F02912A-AD6C-4535-B27D-EC347F7623D0}.Debug|Any CPU.Build.0 = Debug|Any CPU
		{2F02912A-AD6C-4535-B27D-EC347F7623D0}.Release|Any CPU.ActiveCfg = Release|Any CPU
		{2F02912A-AD6C-4535-B27D-EC347F7623D0}.Release|Any CPU.Build.0 = Release|Any CPU
		{50F5DFC7-E51E-4F4E-98CC-1EE153AD731D}.Debug|Any CPU.ActiveCfg = Debug|Any CPU
		{50F5DFC7-E51E-4F4E-98CC-1EE153AD731D}.Debug|Any CPU.Build.0 = Debug|Any CPU
		{50F5DFC7-E51E-4F4E-98CC-1EE153AD731D}.Release|Any CPU.ActiveCfg = Release|Any CPU
		{50F5DFC7-E51E-4F4E-98CC-1EE153AD731D}.Release|Any CPU.Build.0 = Release|Any CPU
		{421D6452-656B-4E8D-853D-2444DB24CCA2}.Debug|Any CPU.ActiveCfg = Debug|Any CPU
		{421D6452-656B-4E8D-853D-2444DB24CCA2}.Debug|Any CPU.Build.0 = Debug|Any CPU
		{421D6452-656B-4E8D-853D-2444DB24CCA2}.Release|Any CPU.ActiveCfg = Release|Any CPU
		{421D6452-656B-4E8D-853D-2444DB24CCA2}.Release|Any CPU.Build.0 = Release|Any CPU
		{1C3D13F7-A1D8-4C3B-BD5C-776EC00B2D71}.Debug|Any CPU.ActiveCfg = Debug|Any CPU
		{1C3D13F7-A1D8-4C3B-BD5C-776EC00B2D71}.Debug|Any CPU.Build.0 = Debug|Any CPU
		{1C3D13F7-A1D8-4C3B-BD5C-776EC00B2D71}.Release|Any CPU.ActiveCfg = Release|Any CPU
		{1C3D13F7-A1D8-4C3B-BD5C-776EC00B2D71}.Release|Any CPU.Build.0 = Release|Any CPU
		{7C2A72B6-060D-4EFC-B282-1A7F61EBB835}.Debug|Any CPU.ActiveCfg = Debug|Any CPU
		{7C2A72B6-060D-4EFC-B282-1A7F61EBB835}.Debug|Any CPU.Build.0 = Debug|Any CPU
		{7C2A72B6-060D-4EFC-B282-1A7F61EBB835}.Release|Any CPU.ActiveCfg = Release|Any CPU
		{7C2A72B6-060D-4EFC-B282-1A7F61EBB835}.Release|Any CPU.Build.0 = Release|Any CPU
		{D4372DA6-C425-444D-BCAD-5AEAF392D963}.Debug|Any CPU.ActiveCfg = Debug|Any CPU
		{D4372DA6-C425-444D-BCAD-5AEAF392D963}.Debug|Any CPU.Build.0 = Debug|Any CPU
		{D4372DA6-C425-444D-BCAD-5AEAF392D963}.Release|Any CPU.ActiveCfg = Release|Any CPU
		{D4372DA6-C425-444D-BCAD-5AEAF392D963}.Release|Any CPU.Build.0 = Release|Any CPU
		{46FBD838-F7B8-46B1-BCB8-A80A69DB56FE}.Debug|Any CPU.ActiveCfg = Debug|Any CPU
		{46FBD838-F7B8-46B1-BCB8-A80A69DB56FE}.Debug|Any CPU.Build.0 = Debug|Any CPU
		{46FBD838-F7B8-46B1-BCB8-A80A69DB56FE}.Release|Any CPU.ActiveCfg = Release|Any CPU
		{46FBD838-F7B8-46B1-BCB8-A80A69DB56FE}.Release|Any CPU.Build.0 = Release|Any CPU
		{25D3CA67-A845-406F-A3C9-3E21D238D137}.Debug|Any CPU.ActiveCfg = Debug|Any CPU
		{25D3CA67-A845-406F-A3C9-3E21D238D137}.Debug|Any CPU.Build.0 = Debug|Any CPU
		{25D3CA67-A845-406F-A3C9-3E21D238D137}.Release|Any CPU.ActiveCfg = Release|Any CPU
		{25D3CA67-A845-406F-A3C9-3E21D238D137}.Release|Any CPU.Build.0 = Release|Any CPU
		{541C724F-DBD5-4159-AEEA-62DB002B86D0}.Debug|Any CPU.ActiveCfg = Debug|Any CPU
		{541C724F-DBD5-4159-AEEA-62DB002B86D0}.Debug|Any CPU.Build.0 = Debug|Any CPU
		{541C724F-DBD5-4159-AEEA-62DB002B86D0}.Release|Any CPU.ActiveCfg = Release|Any CPU
		{541C724F-DBD5-4159-AEEA-62DB002B86D0}.Release|Any CPU.Build.0 = Release|Any CPU
		{DDBD9681-F265-42D1-A4D1-F9DA0E340A52}.Debug|Any CPU.ActiveCfg = Debug|Any CPU
		{DDBD9681-F265-42D1-A4D1-F9DA0E340A52}.Debug|Any CPU.Build.0 = Debug|Any CPU
		{DDBD9681-F265-42D1-A4D1-F9DA0E340A52}.Release|Any CPU.ActiveCfg = Release|Any CPU
		{DDBD9681-F265-42D1-A4D1-F9DA0E340A52}.Release|Any CPU.Build.0 = Release|Any CPU
	EndGlobalSection
	GlobalSection(SolutionProperties) = preSolution
		HideSolutionNode = FALSE
	EndGlobalSection
	GlobalSection(NestedProjects) = preSolution
		{CE41CAB0-E2BF-4AAF-88BD-02E37440FE3D} = {177D7EF2-DEA8-4C08-9A7E-66A8DB4BC5B7}
		{C9DE475C-A83C-466C-9FC2-50661201E7F8} = {FF46340D-8282-42FC-9311-E8CF66952BD4}
		{2F02912A-AD6C-4535-B27D-EC347F7623D0} = {FF46340D-8282-42FC-9311-E8CF66952BD4}
		{50F5DFC7-E51E-4F4E-98CC-1EE153AD731D} = {CB3855F0-1EB7-4F87-8FE0-39BE528D748B}
		{421D6452-656B-4E8D-853D-2444DB24CCA2} = {BC05698E-8DCC-4A1F-962D-E37934CA8198}
		{1C3D13F7-A1D8-4C3B-BD5C-776EC00B2D71} = {4B111EAC-C9CC-4370-B487-F4286F1C22D1}
		{7C2A72B6-060D-4EFC-B282-1A7F61EBB835} = {C01573D0-8B5E-4002-BB7B-073EEE9DAD7A}
		{BC05698E-8DCC-4A1F-962D-E37934CA8198} = {CB3855F0-1EB7-4F87-8FE0-39BE528D748B}
		{FF46340D-8282-42FC-9311-E8CF66952BD4} = {177D7EF2-DEA8-4C08-9A7E-66A8DB4BC5B7}
		{D4372DA6-C425-444D-BCAD-5AEAF392D963} = {73DC497B-1D8B-47BE-AC6F-88F386D59E50}
		{73DC497B-1D8B-47BE-AC6F-88F386D59E50} = {C01573D0-8B5E-4002-BB7B-073EEE9DAD7A}
		{46FBD838-F7B8-46B1-BCB8-A80A69DB56FE} = {73DC497B-1D8B-47BE-AC6F-88F386D59E50}
		{25D3CA67-A845-406F-A3C9-3E21D238D137} = {73DC497B-1D8B-47BE-AC6F-88F386D59E50}
		{4B111EAC-C9CC-4370-B487-F4286F1C22D1} = {C01573D0-8B5E-4002-BB7B-073EEE9DAD7A}
		{541C724F-DBD5-4159-AEEA-62DB002B86D0} = {FF46340D-8282-42FC-9311-E8CF66952BD4}
		{DDBD9681-F265-42D1-A4D1-F9DA0E340A52} = {73DC497B-1D8B-47BE-AC6F-88F386D59E50}
	EndGlobalSection
	GlobalSection(ExtensibilityGlobals) = postSolution
		SolutionGuid = {E6ED8FCB-E264-4CCD-A246-F6A893C0B31E}
	EndGlobalSection
EndGlobal
